// !$*UTF8*$!
{
	archiveVersion = 1;
	classes = {
	};
	objectVersion = 55;
	objects = {

/* Begin PBXBuildFile section */
		1AAE2AF328F065F00051EF9C /* AppDelegate.swift in Sources */ = {isa = PBXBuildFile; fileRef = 1AAE2AF228F065F00051EF9C /* AppDelegate.swift */; };
		1AAE2AF728F065F00051EF9C /* MovieListVC.swift in Sources */ = {isa = PBXBuildFile; fileRef = 1AAE2AF628F065F00051EF9C /* MovieListVC.swift */; };
		1AAE2AFA28F065F00051EF9C /* Main.storyboard in Resources */ = {isa = PBXBuildFile; fileRef = 1AAE2AF828F065F00051EF9C /* Main.storyboard */; };
		1AAE2AFC28F065F20051EF9C /* Assets.xcassets in Resources */ = {isa = PBXBuildFile; fileRef = 1AAE2AFB28F065F20051EF9C /* Assets.xcassets */; };
		1AAE2AFF28F065F20051EF9C /* LaunchScreen.storyboard in Resources */ = {isa = PBXBuildFile; fileRef = 1AAE2AFD28F065F20051EF9C /* LaunchScreen.storyboard */; };
		1AAE2B0B28F06A8C0051EF9C /* MovieListVM.swift in Sources */ = {isa = PBXBuildFile; fileRef = 1AAE2B0A28F06A8C0051EF9C /* MovieListVM.swift */; };
		1AAE2B0D28F06A9E0051EF9C /* MovieListModel.swift in Sources */ = {isa = PBXBuildFile; fileRef = 1AAE2B0C28F06A9E0051EF9C /* MovieListModel.swift */; };
		1AAE2B1028F06F170051EF9C /* UserServices.swift in Sources */ = {isa = PBXBuildFile; fileRef = 1AAE2B0F28F06F170051EF9C /* UserServices.swift */; };
		1AAE2B1428F06FF80051EF9C /* AppManager.swift in Sources */ = {isa = PBXBuildFile; fileRef = 1AAE2B1328F06FF80051EF9C /* AppManager.swift */; };
		1AAE2B1628F070040051EF9C /* SizeConfig.swift in Sources */ = {isa = PBXBuildFile; fileRef = 1AAE2B1528F070040051EF9C /* SizeConfig.swift */; };
		1AAE2B1828F070130051EF9C /* AppConstants.swift in Sources */ = {isa = PBXBuildFile; fileRef = 1AAE2B1728F070130051EF9C /* AppConstants.swift */; };
		1AAE2B1B28F071210051EF9C /* Primitive+Extension.swift in Sources */ = {isa = PBXBuildFile; fileRef = 1AAE2B1A28F071210051EF9C /* Primitive+Extension.swift */; };
		1AAE2B1F28F0809D0051EF9C /* MovieCell.swift in Sources */ = {isa = PBXBuildFile; fileRef = 1AAE2B1D28F0809D0051EF9C /* MovieCell.swift */; };
		1AAE2B2028F0809D0051EF9C /* MovieCell.xib in Resources */ = {isa = PBXBuildFile; fileRef = 1AAE2B1E28F0809D0051EF9C /* MovieCell.xib */; };
		1AAE2B2228F086C90051EF9C /* UIView+Extension.swift in Sources */ = {isa = PBXBuildFile; fileRef = 1AAE2B2128F086C90051EF9C /* UIView+Extension.swift */; };
		1AAE2B2528F09BAE0051EF9C /* FooterCell.swift in Sources */ = {isa = PBXBuildFile; fileRef = 1AAE2B2328F09BAE0051EF9C /* FooterCell.swift */; };
		1AAE2B2628F09BAE0051EF9C /* FooterCell.xib in Resources */ = {isa = PBXBuildFile; fileRef = 1AAE2B2428F09BAE0051EF9C /* FooterCell.xib */; };
/* End PBXBuildFile section */

/* Begin PBXFileReference section */
		1AAE2AEF28F065F00051EF9C /* MovieList.app */ = {isa = PBXFileReference; explicitFileType = wrapper.application; includeInIndex = 0; path = MovieList.app; sourceTree = BUILT_PRODUCTS_DIR; };
		1AAE2AF228F065F00051EF9C /* AppDelegate.swift */ = {isa = PBXFileReference; lastKnownFileType = sourcecode.swift; path = AppDelegate.swift; sourceTree = "<group>"; };
		1AAE2AF628F065F00051EF9C /* MovieListVC.swift */ = {isa = PBXFileReference; lastKnownFileType = sourcecode.swift; path = MovieListVC.swift; sourceTree = "<group>"; };
		1AAE2AF928F065F00051EF9C /* Base */ = {isa = PBXFileReference; lastKnownFileType = file.storyboard; name = Base; path = Base.lproj/Main.storyboard; sourceTree = "<group>"; };
		1AAE2AFB28F065F20051EF9C /* Assets.xcassets */ = {isa = PBXFileReference; lastKnownFileType = folder.assetcatalog; path = Assets.xcassets; sourceTree = "<group>"; };
		1AAE2AFE28F065F20051EF9C /* Base */ = {isa = PBXFileReference; lastKnownFileType = file.storyboard; name = Base; path = Base.lproj/LaunchScreen.storyboard; sourceTree = "<group>"; };
		1AAE2B0028F065F20051EF9C /* Info.plist */ = {isa = PBXFileReference; lastKnownFileType = text.plist.xml; path = Info.plist; sourceTree = "<group>"; };
		1AAE2B0A28F06A8C0051EF9C /* MovieListVM.swift */ = {isa = PBXFileReference; lastKnownFileType = sourcecode.swift; path = MovieListVM.swift; sourceTree = "<group>"; };
		1AAE2B0C28F06A9E0051EF9C /* MovieListModel.swift */ = {isa = PBXFileReference; lastKnownFileType = sourcecode.swift; path = MovieListModel.swift; sourceTree = "<group>"; };
		1AAE2B0F28F06F170051EF9C /* UserServices.swift */ = {isa = PBXFileReference; fileEncoding = 4; lastKnownFileType = sourcecode.swift; path = UserServices.swift; sourceTree = "<group>"; };
		1AAE2B1328F06FF80051EF9C /* AppManager.swift */ = {isa = PBXFileReference; lastKnownFileType = sourcecode.swift; path = AppManager.swift; sourceTree = "<group>"; };
		1AAE2B1528F070040051EF9C /* SizeConfig.swift */ = {isa = PBXFileReference; lastKnownFileType = sourcecode.swift; path = SizeConfig.swift; sourceTree = "<group>"; };
		1AAE2B1728F070130051EF9C /* AppConstants.swift */ = {isa = PBXFileReference; lastKnownFileType = sourcecode.swift; path = AppConstants.swift; sourceTree = "<group>"; };
		1AAE2B1A28F071210051EF9C /* Primitive+Extension.swift */ = {isa = PBXFileReference; fileEncoding = 4; lastKnownFileType = sourcecode.swift; path = "Primitive+Extension.swift"; sourceTree = "<group>"; };
		1AAE2B1D28F0809D0051EF9C /* MovieCell.swift */ = {isa = PBXFileReference; lastKnownFileType = sourcecode.swift; path = MovieCell.swift; sourceTree = "<group>"; };
		1AAE2B1E28F0809D0051EF9C /* MovieCell.xib */ = {isa = PBXFileReference; lastKnownFileType = file.xib; path = MovieCell.xib; sourceTree = "<group>"; };
		1AAE2B2128F086C90051EF9C /* UIView+Extension.swift */ = {isa = PBXFileReference; lastKnownFileType = sourcecode.swift; path = "UIView+Extension.swift"; sourceTree = "<group>"; };
		1AAE2B2328F09BAE0051EF9C /* FooterCell.swift */ = {isa = PBXFileReference; lastKnownFileType = sourcecode.swift; path = FooterCell.swift; sourceTree = "<group>"; };
		1AAE2B2428F09BAE0051EF9C /* FooterCell.xib */ = {isa = PBXFileReference; lastKnownFileType = file.xib; path = FooterCell.xib; sourceTree = "<group>"; };
/* End PBXFileReference section */

/* Begin PBXFrameworksBuildPhase section */
		1AAE2AEC28F065F00051EF9C /* Frameworks */ = {
			isa = PBXFrameworksBuildPhase;
			buildActionMask = 2147483647;
			files = (
			);
			runOnlyForDeploymentPostprocessing = 0;
		};
/* End PBXFrameworksBuildPhase section */

/* Begin PBXGroup section */
		1AAE2AE628F065F00051EF9C = {
			isa = PBXGroup;
			children = (
				1AAE2AF128F065F00051EF9C /* MovieList */,
				1AAE2AF028F065F00051EF9C /* Products */,
			);
			sourceTree = "<group>";
		};
		1AAE2AF028F065F00051EF9C /* Products */ = {
			isa = PBXGroup;
			children = (
				1AAE2AEF28F065F00051EF9C /* MovieList.app */,
			);
			name = Products;
			sourceTree = "<group>";
		};
		1AAE2AF128F065F00051EF9C /* MovieList */ = {
			isa = PBXGroup;
			children = (
				1AAE2AF228F065F00051EF9C /* AppDelegate.swift */,
				1AAE2AFB28F065F20051EF9C /* Assets.xcassets */,
				1AAE2B0028F065F20051EF9C /* Info.plist */,
				1AAE2AFD28F065F20051EF9C /* LaunchScreen.storyboard */,
				1AAE2AF828F065F00051EF9C /* Main.storyboard */,
				1AAE2B0628F069E50051EF9C /* MVVM */,
				1AAE2B1128F06FD80051EF9C /* Resources */,
				1AAE2B0E28F06F030051EF9C /* Services */,
				1AAE2B1228F06FDF0051EF9C /* Utils */,
			);
			path = MovieList;
			sourceTree = "<group>";
		};
		1AAE2B0628F069E50051EF9C /* MVVM */ = {
			isa = PBXGroup;
			children = (
				1AAE2B0928F06A000051EF9C /* ViewModels */,
				1AAE2B0828F069F50051EF9C /* Views */,
				1AAE2B0728F069EE0051EF9C /* Models */,
			);
			path = MVVM;
			sourceTree = "<group>";
		};
		1AAE2B0728F069EE0051EF9C /* Models */ = {
			isa = PBXGroup;
			children = (
				1AAE2B0C28F06A9E0051EF9C /* MovieListModel.swift */,
			);
			path = Models;
			sourceTree = "<group>";
		};
		1AAE2B0828F069F50051EF9C /* Views */ = {
			isa = PBXGroup;
			children = (
				1AAE2B1C28F0805C0051EF9C /* Cells */,
				1AAE2AF628F065F00051EF9C /* MovieListVC.swift */,
			);
			path = Views;
			sourceTree = "<group>";
		};
		1AAE2B0928F06A000051EF9C /* ViewModels */ = {
			isa = PBXGroup;
			children = (
				1AAE2B0A28F06A8C0051EF9C /* MovieListVM.swift */,
			);
			path = ViewModels;
			sourceTree = "<group>";
		};
		1AAE2B0E28F06F030051EF9C /* Services */ = {
			isa = PBXGroup;
			children = (
				1AAE2B0F28F06F170051EF9C /* UserServices.swift */,
			);
			path = Services;
			sourceTree = "<group>";
		};
		1AAE2B1128F06FD80051EF9C /* Resources */ = {
			isa = PBXGroup;
			children = (
			);
			path = Resources;
			sourceTree = "<group>";
		};
		1AAE2B1228F06FDF0051EF9C /* Utils */ = {
			isa = PBXGroup;
			children = (
				1AAE2B1928F071050051EF9C /* Extensions */,
				1AAE2B1328F06FF80051EF9C /* AppManager.swift */,
				1AAE2B1528F070040051EF9C /* SizeConfig.swift */,
				1AAE2B1728F070130051EF9C /* AppConstants.swift */,
			);
			path = Utils;
			sourceTree = "<group>";
		};
		1AAE2B1928F071050051EF9C /* Extensions */ = {
			isa = PBXGroup;
			children = (
				1AAE2B1A28F071210051EF9C /* Primitive+Extension.swift */,
				1AAE2B2128F086C90051EF9C /* UIView+Extension.swift */,
			);
			path = Extensions;
			sourceTree = "<group>";
		};
		1AAE2B1C28F0805C0051EF9C /* Cells */ = {
			isa = PBXGroup;
			children = (
				1AAE2B1D28F0809D0051EF9C /* MovieCell.swift */,
				1AAE2B1E28F0809D0051EF9C /* MovieCell.xib */,
				1AAE2B2328F09BAE0051EF9C /* FooterCell.swift */,
				1AAE2B2428F09BAE0051EF9C /* FooterCell.xib */,
			);
			path = Cells;
			sourceTree = "<group>";
		};
/* End PBXGroup section */

/* Begin PBXNativeTarget section */
		1AAE2AEE28F065F00051EF9C /* MovieList */ = {
			isa = PBXNativeTarget;
			buildConfigurationList = 1AAE2B0328F065F20051EF9C /* Build configuration list for PBXNativeTarget "MovieList" */;
			buildPhases = (
				1AAE2AEB28F065F00051EF9C /* Sources */,
				1AAE2AEC28F065F00051EF9C /* Frameworks */,
				1AAE2AED28F065F00051EF9C /* Resources */,
			);
			buildRules = (
			);
			dependencies = (
			);
			name = MovieList;
			productName = MovieList;
			productReference = 1AAE2AEF28F065F00051EF9C /* MovieList.app */;
			productType = "com.apple.product-type.application";
		};
/* End PBXNativeTarget section */

/* Begin PBXProject section */
		1AAE2AE728F065F00051EF9C /* Project object */ = {
			isa = PBXProject;
			attributes = {
				BuildIndependentTargetsInParallel = 1;
				LastSwiftUpdateCheck = 1340;
				LastUpgradeCheck = 1340;
				TargetAttributes = {
					1AAE2AEE28F065F00051EF9C = {
						CreatedOnToolsVersion = 13.4;
					};
				};
			};
			buildConfigurationList = 1AAE2AEA28F065F00051EF9C /* Build configuration list for PBXProject "MovieList" */;
			compatibilityVersion = "Xcode 13.0";
			developmentRegion = en;
			hasScannedForEncodings = 0;
			knownRegions = (
				en,
				Base,
			);
			mainGroup = 1AAE2AE628F065F00051EF9C;
			productRefGroup = 1AAE2AF028F065F00051EF9C /* Products */;
			projectDirPath = "";
			projectRoot = "";
			targets = (
				1AAE2AEE28F065F00051EF9C /* MovieList */,
			);
		};
/* End PBXProject section */

/* Begin PBXResourcesBuildPhase section */
		1AAE2AED28F065F00051EF9C /* Resources */ = {
			isa = PBXResourcesBuildPhase;
			buildActionMask = 2147483647;
			files = (
				1AAE2AFF28F065F20051EF9C /* LaunchScreen.storyboard in Resources */,
				1AAE2AFC28F065F20051EF9C /* Assets.xcassets in Resources */,
				1AAE2B2628F09BAE0051EF9C /* FooterCell.xib in Resources */,
				1AAE2B2028F0809D0051EF9C /* MovieCell.xib in Resources */,
				1AAE2AFA28F065F00051EF9C /* Main.storyboard in Resources */,
			);
			runOnlyForDeploymentPostprocessing = 0;
		};
/* End PBXResourcesBuildPhase section */

/* Begin PBXSourcesBuildPhase section */
		1AAE2AEB28F065F00051EF9C /* Sources */ = {
			isa = PBXSourcesBuildPhase;
			buildActionMask = 2147483647;
			files = (
				1AAE2B2228F086C90051EF9C /* UIView+Extension.swift in Sources */,
				1AAE2B0D28F06A9E0051EF9C /* MovieListModel.swift in Sources */,
				1AAE2AF728F065F00051EF9C /* MovieListVC.swift in Sources */,
				1AAE2B1B28F071210051EF9C /* Primitive+Extension.swift in Sources */,
				1AAE2B1028F06F170051EF9C /* UserServices.swift in Sources */,
				1AAE2B1828F070130051EF9C /* AppConstants.swift in Sources */,
				1AAE2B1428F06FF80051EF9C /* AppManager.swift in Sources */,
				1AAE2B1628F070040051EF9C /* SizeConfig.swift in Sources */,
				1AAE2AF328F065F00051EF9C /* AppDelegate.swift in Sources */,
				1AAE2B1F28F0809D0051EF9C /* MovieCell.swift in Sources */,
				1AAE2B2528F09BAE0051EF9C /* FooterCell.swift in Sources */,
				1AAE2B0B28F06A8C0051EF9C /* MovieListVM.swift in Sources */,
			);
			runOnlyForDeploymentPostprocessing = 0;
		};
/* End PBXSourcesBuildPhase section */

/* Begin PBXVariantGroup section */
		1AAE2AF828F065F00051EF9C /* Main.storyboard */ = {
			isa = PBXVariantGroup;
			children = (
				1AAE2AF928F065F00051EF9C /* Base */,
			);
			name = Main.storyboard;
			sourceTree = "<group>";
		};
		1AAE2AFD28F065F20051EF9C /* LaunchScreen.storyboard */ = {
			isa = PBXVariantGroup;
			children = (
				1AAE2AFE28F065F20051EF9C /* Base */,
			);
			name = LaunchScreen.storyboard;
			sourceTree = "<group>";
		};
/* End PBXVariantGroup section */

/* Begin XCBuildConfiguration section */
		1AAE2B0128F065F20051EF9C /* Debug */ = {
			isa = XCBuildConfiguration;
			buildSettings = {
				ALWAYS_SEARCH_USER_PATHS = NO;
				CLANG_ANALYZER_NONNULL = YES;
				CLANG_ANALYZER_NUMBER_OBJECT_CONVERSION = YES_AGGRESSIVE;
				CLANG_CXX_LANGUAGE_STANDARD = "gnu++17";
				CLANG_ENABLE_MODULES = YES;
				CLANG_ENABLE_OBJC_ARC = YES;
				CLANG_ENABLE_OBJC_WEAK = YES;
				CLANG_WARN_BLOCK_CAPTURE_AUTORELEASING = YES;
				CLANG_WARN_BOOL_CONVERSION = YES;
				CLANG_WARN_COMMA = YES;
				CLANG_WARN_CONSTANT_CONVERSION = YES;
				CLANG_WARN_DEPRECATED_OBJC_IMPLEMENTATIONS = YES;
				CLANG_WARN_DIRECT_OBJC_ISA_USAGE = YES_ERROR;
				CLANG_WARN_DOCUMENTATION_COMMENTS = YES;
				CLANG_WARN_EMPTY_BODY = YES;
				CLANG_WARN_ENUM_CONVERSION = YES;
				CLANG_WARN_INFINITE_RECURSION = YES;
				CLANG_WARN_INT_CONVERSION = YES;
				CLANG_WARN_NON_LITERAL_NULL_CONVERSION = YES;
				CLANG_WARN_OBJC_IMPLICIT_RETAIN_SELF = YES;
				CLANG_WARN_OBJC_LITERAL_CONVERSION = YES;
				CLANG_WARN_OBJC_ROOT_CLASS = YES_ERROR;
				CLANG_WARN_QUOTED_INCLUDE_IN_FRAMEWORK_HEADER = YES;
				CLANG_WARN_RANGE_LOOP_ANALYSIS = YES;
				CLANG_WARN_STRICT_PROTOTYPES = YES;
				CLANG_WARN_SUSPICIOUS_MOVE = YES;
				CLANG_WARN_UNGUARDED_AVAILABILITY = YES_AGGRESSIVE;
				CLANG_WARN_UNREACHABLE_CODE = YES;
				CLANG_WARN__DUPLICATE_METHOD_MATCH = YES;
				COPY_PHASE_STRIP = NO;
				DEBUG_INFORMATION_FORMAT = dwarf;
				ENABLE_STRICT_OBJC_MSGSEND = YES;
				ENABLE_TESTABILITY = YES;
				GCC_C_LANGUAGE_STANDARD = gnu11;
				GCC_DYNAMIC_NO_PIC = NO;
				GCC_NO_COMMON_BLOCKS = YES;
				GCC_OPTIMIZATION_LEVEL = 0;
				GCC_PREPROCESSOR_DEFINITIONS = (
					"DEBUG=1",
					"$(inherited)",
				);
				GCC_WARN_64_TO_32_BIT_CONVERSION = YES;
				GCC_WARN_ABOUT_RETURN_TYPE = YES_ERROR;
				GCC_WARN_UNDECLARED_SELECTOR = YES;
				GCC_WARN_UNINITIALIZED_AUTOS = YES_AGGRESSIVE;
				GCC_WARN_UNUSED_FUNCTION = YES;
				GCC_WARN_UNUSED_VARIABLE = YES;
				IPHONEOS_DEPLOYMENT_TARGET = 13.0;
				MTL_ENABLE_DEBUG_INFO = INCLUDE_SOURCE;
				MTL_FAST_MATH = YES;
				ONLY_ACTIVE_ARCH = YES;
				SDKROOT = iphoneos;
				SWIFT_ACTIVE_COMPILATION_CONDITIONS = DEBUG;
				SWIFT_OPTIMIZATION_LEVEL = "-Onone";
			};
			name = Debug;
		};
		1AAE2B0228F065F20051EF9C /* Release */ = {
			isa = XCBuildConfiguration;
			buildSettings = {
				ALWAYS_SEARCH_USER_PATHS = NO;
				CLANG_ANALYZER_NONNULL = YES;
				CLANG_ANALYZER_NUMBER_OBJECT_CONVERSION = YES_AGGRESSIVE;
				CLANG_CXX_LANGUAGE_STANDARD = "gnu++17";
				CLANG_ENABLE_MODULES = YES;
				CLANG_ENABLE_OBJC_ARC = YES;
				CLANG_ENABLE_OBJC_WEAK = YES;
				CLANG_WARN_BLOCK_CAPTURE_AUTORELEASING = YES;
				CLANG_WARN_BOOL_CONVERSION = YES;
				CLANG_WARN_COMMA = YES;
				CLANG_WARN_CONSTANT_CONVERSION = YES;
				CLANG_WARN_DEPRECATED_OBJC_IMPLEMENTATIONS = YES;
				CLANG_WARN_DIRECT_OBJC_ISA_USAGE = YES_ERROR;
				CLANG_WARN_DOCUMENTATION_COMMENTS = YES;
				CLANG_WARN_EMPTY_BODY = YES;
				CLANG_WARN_ENUM_CONVERSION = YES;
				CLANG_WARN_INFINITE_RECURSION = YES;
				CLANG_WARN_INT_CONVERSION = YES;
				CLANG_WARN_NON_LITERAL_NULL_CONVERSION = YES;
				CLANG_WARN_OBJC_IMPLICIT_RETAIN_SELF = YES;
				CLANG_WARN_OBJC_LITERAL_CONVERSION = YES;
				CLANG_WARN_OBJC_ROOT_CLASS = YES_ERROR;
				CLANG_WARN_QUOTED_INCLUDE_IN_FRAMEWORK_HEADER = YES;
				CLANG_WARN_RANGE_LOOP_ANALYSIS = YES;
				CLANG_WARN_STRICT_PROTOTYPES = YES;
				CLANG_WARN_SUSPICIOUS_MOVE = YES;
				CLANG_WARN_UNGUARDED_AVAILABILITY = YES_AGGRESSIVE;
				CLANG_WARN_UNREACHABLE_CODE = YES;
				CLANG_WARN__DUPLICATE_METHOD_MATCH = YES;
				COPY_PHASE_STRIP = NO;
				DEBUG_INFORMATION_FORMAT = "dwarf-with-dsym";
				ENABLE_NS_ASSERTIONS = NO;
				ENABLE_STRICT_OBJC_MSGSEND = YES;
				GCC_C_LANGUAGE_STANDARD = gnu11;
				GCC_NO_COMMON_BLOCKS = YES;
				GCC_WARN_64_TO_32_BIT_CONVERSION = YES;
				GCC_WARN_ABOUT_RETURN_TYPE = YES_ERROR;
				GCC_WARN_UNDECLARED_SELECTOR = YES;
				GCC_WARN_UNINITIALIZED_AUTOS = YES_AGGRESSIVE;
				GCC_WARN_UNUSED_FUNCTION = YES;
				GCC_WARN_UNUSED_VARIABLE = YES;
				IPHONEOS_DEPLOYMENT_TARGET = 13.0;
				MTL_ENABLE_DEBUG_INFO = NO;
				MTL_FAST_MATH = YES;
				SDKROOT = iphoneos;
				SWIFT_COMPILATION_MODE = wholemodule;
				SWIFT_OPTIMIZATION_LEVEL = "-O";
				VALIDATE_PRODUCT = YES;
			};
			name = Release;
		};
		1AAE2B0428F065F20051EF9C /* Debug */ = {
			isa = XCBuildConfiguration;
			buildSettings = {
				ASSETCATALOG_COMPILER_APPICON_NAME = AppIcon;
				ASSETCATALOG_COMPILER_GLOBAL_ACCENT_COLOR_NAME = AccentColor;
				CODE_SIGN_STYLE = Automatic;
				CURRENT_PROJECT_VERSION = 1;
				GENERATE_INFOPLIST_FILE = YES;
				INFOPLIST_FILE = MovieList/Info.plist;
				INFOPLIST_KEY_UIApplicationSupportsIndirectInputEvents = YES;
				INFOPLIST_KEY_UILaunchStoryboardName = LaunchScreen;
				INFOPLIST_KEY_UIMainStoryboardFile = Main;
				INFOPLIST_KEY_UISupportedInterfaceOrientations_iPad = "UIInterfaceOrientationPortrait UIInterfaceOrientationPortraitUpsideDown UIInterfaceOrientationLandscapeLeft UIInterfaceOrientationLandscapeRight";
				INFOPLIST_KEY_UISupportedInterfaceOrientations_iPhone = "UIInterfaceOrientationPortrait UIInterfaceOrientationLandscapeLeft UIInterfaceOrientationLandscapeRight";
				IPHONEOS_DEPLOYMENT_TARGET = 13.0;
				LD_RUNPATH_SEARCH_PATHS = (
					"$(inherited)",
					"@executable_path/Frameworks",
				);
				MARKETING_VERSION = 1.0;
				PRODUCT_BUNDLE_IDENTIFIER = com.brainstation23.movielist.MovieList;
				PRODUCT_NAME = "$(TARGET_NAME)";
				SWIFT_EMIT_LOC_STRINGS = YES;
				SWIFT_VERSION = 5.0;
				TARGETED_DEVICE_FAMILY = "1,2";
			};
			name = Debug;
		};
		1AAE2B0528F065F20051EF9C /* Release */ = {
			isa = XCBuildConfiguration;
			buildSettings = {
				ASSETCATALOG_COMPILER_APPICON_NAME = AppIcon;
				ASSETCATALOG_COMPILER_GLOBAL_ACCENT_COLOR_NAME = AccentColor;
				CODE_SIGN_STYLE = Automatic;
				CURRENT_PROJECT_VERSION = 1;
				GENERATE_INFOPLIST_FILE = YES;
				INFOPLIST_FILE = MovieList/Info.plist;
				INFOPLIST_KEY_UIApplicationSupportsIndirectInputEvents = YES;
				INFOPLIST_KEY_UILaunchStoryboardName = LaunchScreen;
				INFOPLIST_KEY_UIMainStoryboardFile = Main;
				INFOPLIST_KEY_UISupportedInterfaceOrientations_iPad = "UIInterfaceOrientationPortrait UIInterfaceOrientationPortraitUpsideDown UIInterfaceOrientationLandscapeLeft UIInterfaceOrientationLandscapeRight";
				INFOPLIST_KEY_UISupportedInterfaceOrientations_iPhone = "UIInterfaceOrientationPortrait UIInterfaceOrientationLandscapeLeft UIInterfaceOrientationLandscapeRight";
				IPHONEOS_DEPLOYMENT_TARGET = 13.0;
				LD_RUNPATH_SEARCH_PATHS = (
					"$(inherited)",
					"@executable_path/Frameworks",
				);
				MARKETING_VERSION = 1.0;
				PRODUCT_BUNDLE_IDENTIFIER = com.brainstation23.movielist.MovieList;
				PRODUCT_NAME = "$(TARGET_NAME)";
				SWIFT_EMIT_LOC_STRINGS = YES;
				SWIFT_VERSION = 5.0;
				TARGETED_DEVICE_FAMILY = "1,2";
			};
			name = Release;
		};
/* End XCBuildConfiguration section */

/* Begin XCConfigurationList section */
		1AAE2AEA28F065F00051EF9C /* Build configuration list for PBXProject "MovieList" */ = {
			isa = XCConfigurationList;
			buildConfigurations = (
				1AAE2B0128F065F20051EF9C /* Debug */,
				1AAE2B0228F065F20051EF9C /* Release */,
			);
			defaultConfigurationIsVisible = 0;
			defaultConfigurationName = Release;
		};
		1AAE2B0328F065F20051EF9C /* Build configuration list for PBXNativeTarget "MovieList" */ = {
			isa = XCConfigurationList;
			buildConfigurations = (
				1AAE2B0428F065F20051EF9C /* Debug */,
				1AAE2B0528F065F20051EF9C /* Release */,
			);
			defaultConfigurationIsVisible = 0;
			defaultConfigurationName = Release;
		};
/* End XCConfigurationList section */
	};
	rootObject = 1AAE2AE728F065F00051EF9C /* Project object */;
}
